
Microsoft Visual Studio Solution File, Format Version 12.00
# Visual Studio 15
VisualStudioVersion = 15.0.27130.2010
MinimumVisualStudioVersion = 10.0.40219.1
Project("{8BC9CEB8-8B4A-11D0-8D11-00A0C91BC942}") = "SuperCC", "SuperCC\SuperCC.vcxproj", "{D7754A77-E4A5-483D-BF16-A24A99E15C62}"
EndProject
Project("{8BC9CEB8-8B4A-11D0-8D11-00A0C91BC942}") = "Core", "Core\Core.vcxproj", "{9DE439C3-848F-4863-A9F6-A24863BF452A}"
EndProject
Project("{8BC9CEB8-8B4A-11D0-8D11-00A0C91BC942}") = "Test", "Test\Test.vcxproj", "{3EE2A002-D457-490D-B8CC-5DAE46AC5D78}"
EndProject
Global
	GlobalSection(SolutionConfigurationPlatforms) = preSolution
		Debug|x64 = Debug|x64
		Debug|x86 = Debug|x86
		Release|x64 = Release|x64
		Release|x86 = Release|x86
	EndGlobalSection
	GlobalSection(ProjectConfigurationPlatforms) = postSolution
		{D7754A77-E4A5-483D-BF16-A24A99E15C62}.Debug|x64.ActiveCfg = Debug|x64
		{D7754A77-E4A5-483D-BF16-A24A99E15C62}.Debug|x64.Build.0 = Debug|x64
		{D7754A77-E4A5-483D-BF16-A24A99E15C62}.Debug|x86.ActiveCfg = Debug|Win32
		{D7754A77-E4A5-483D-BF16-A24A99E15C62}.Debug|x86.Build.0 = Debug|Win32
		{D7754A77-E4A5-483D-BF16-A24A99E15C62}.Release|x64.ActiveCfg = Release|x64
		{D7754A77-E4A5-483D-BF16-A24A99E15C62}.Release|x64.Build.0 = Release|x64
		{D7754A77-E4A5-483D-BF16-A24A99E15C62}.Release|x86.ActiveCfg = Release|Win32
		{D7754A77-E4A5-483D-BF16-A24A99E15C62}.Release|x86.Build.0 = Release|Win32
		{9DE439C3-848F-4863-A9F6-A24863BF452A}.Debug|x64.ActiveCfg = Debug|x64
		{9DE439C3-848F-4863-A9F6-A24863BF452A}.Debug|x64.Build.0 = Debug|x64
		{9DE439C3-848F-4863-A9F6-A24863BF452A}.Debug|x86.ActiveCfg = Debug|Win32
		{9DE439C3-848F-4863-A9F6-A24863BF452A}.Debug|x86.Build.0 = Debug|Win32
		{9DE439C3-848F-4863-A9F6-A24863BF452A}.Release|x64.ActiveCfg = Release|x64
		{9DE439C3-848F-4863-A9F6-A24863BF452A}.Release|x64.Build.0 = Release|x64
		{9DE439C3-848F-4863-A9F6-A24863BF452A}.Release|x86.ActiveCfg = Release|Win32
		{9DE439C3-848F-4863-A9F6-A24863BF452A}.Release|x86.Build.0 = Release|Win32
		{3EE2A002-D457-490D-B8CC-5DAE46AC5D78}.Debug|x64.ActiveCfg = Debug|x64
		{3EE2A002-D457-490D-B8CC-5DAE46AC5D78}.Debug|x64.Build.0 = Debug|x64
		{3EE2A002-D457-490D-B8CC-5DAE46AC5D78}.Debug|x86.ActiveCfg = Debug|Win32
		{3EE2A002-D457-490D-B8CC-5DAE46AC5D78}.Debug|x86.Build.0 = Debug|Win32
		{3EE2A002-D457-490D-B8CC-5DAE46AC5D78}.Release|x64.ActiveCfg = Release|x64
		{3EE2A002-D457-490D-B8CC-5DAE46AC5D78}.Release|x64.Build.0 = Release|x64
		{3EE2A002-D457-490D-B8CC-5DAE46AC5D78}.Release|x86.ActiveCfg = Release|Win32
		{3EE2A002-D457-490D-B8CC-5DAE46AC5D78}.Release|x86.Build.0 = Release|Win32
	EndGlobalSection
	GlobalSection(SolutionProperties) = preSolution
		HideSolutionNode = FALSE
	EndGlobalSection
	GlobalSection(ExtensibilityGlobals) = postSolution
		SolutionGuid = {B11C223F-AC92-4A64-B66F-F76542BD6379}
	EndGlobalSection
EndGlobal
